{
  "name": "chongyang-test",
  "version": "1.1.0",
  "lockfileVersion": 2,
  "requires": true,
  "packages": {
    "": {
      "name": "chongyang-test",
      "version": "1.1.0",
      "license": "ISC",
      "dependencies": {
        "chongyang-test-lib": "^1.1.0"
      },
      "bin": {
        "chongyang-test": "bin/index.js"
      }
    },
    "node_modules/chongyang-test-lib": {
      "version": "1.1.0",
      "resolved": "https://registry.npmjs.org/chongyang-test-lib/-/chongyang-test-lib-1.1.0.tgz",
      "integrity": "sha512-zJZWMaqY9VcL/6aviYRqohqSrDLGb6++UIsbdD06L5uaYKzVIYyI6V3QgZfA8FTukW9veRjWVVHF28B/g+yLoQ=="
    }
  },
  "dependencies": {
    "chongyang-test-lib": {
      "version": "1.1.0",
      "resolved": "https://registry.npmjs.org/chongyang-test-lib/-/chongyang-test-lib-1.1.0.tgz",
      "integrity": "sha512-zJZWMaqY9VcL/6aviYRqohqSrDLGb6++UIsbdD06L5uaYKzVIYyI6V3QgZfA8FTukW9veRjWVVHF28B/g+yLoQ=="
    }
  }
}
